
Microsoft Visual Studio Solution File, Format Version 12.00
# Visual Studio Version 17
VisualStudioVersion = 17.6.33815.320
MinimumVisualStudioVersion = 10.0.40219.1
Project("{FAE04EC0-301F-11D3-BF4B-00C04F79EFBC}") = "Mechanical Shared Parameters", "Mechanical Shared Parameters\Mechanical Shared Parameters.csproj", "{2B759061-6AA8-43C0-B07B-44FFA077ECAC}"
EndProject
Global
	GlobalSection(SolutionConfigurationPlatforms) = preSolution
		Debug|Any CPU = Debug|Any CPU
		Release|Any CPU = Release|Any CPU
	EndGlobalSection
	GlobalSection(ProjectConfigurationPlatforms) = postSolution
		{2B759061-6AA8-43C0-B07B-44FFA077ECAC}.Debug|Any CPU.ActiveCfg = Debug|Any CPU
		{2B759061-6AA8-43C0-B07B-44FFA077ECAC}.Debug|Any CPU.Build.0 = Debug|Any CPU
		{2B759061-6AA8-43C0-B07B-44FFA077ECAC}.Release|Any CPU.ActiveCfg = Release|Any CPU
		{2B759061-6AA8-43C0-B07B-44FFA077ECAC}.Release|Any CPU.Build.0 = Release|Any CPU
	EndGlobalSection
	GlobalSection(SolutionProperties) = preSolution
		HideSolutionNode = FALSE
	EndGlobalSection
	GlobalSection(ExtensibilityGlobals) = postSolution
		SolutionGuid = {637FDAA8-FEFF-4814-8C63-A598B097F430}
	EndGlobalSection
EndGlobal
